{
  "name": "exec-copy",
  "version": "0.1.1",
  "lockfileVersion": 2,
  "requires": true,
  "packages": {
    "": {
      "name": "exec-copy",
      "version": "0.1.1",
      "license": "MIT",
      "devDependencies": {
        "chai": "^4.1.2",
        "esbuild": "^0.14.11",
        "mocha": "^3.5.0",
        "npm-run-all": "^4.1.1",
        "prettier": "^2.5.1"
      }
    },
    "node_modules/array-filter": {
      "version": "0.0.1",
      "dev": true,
      "license": "MIT"
    },
    "node_modules/array-map": {
      "version": "0.0.0",
      "dev": true,
      "license": "MIT"
    },
    "node_modules/array-reduce": {
      "version": "0.0.0",
      "dev": true,
      "license": "MIT"
    },
    "node_modules/assertion-error": {
      "version": "1.0.2",
      "dev": true,
      "license": "MIT",
      "engines": {
        "node": "*"
      }
    },
    "node_modules/balanced-match": {
      "version": "1.0.0",
      "dev": true,
      "license": "MIT"
    },
    "node_modules/brace-expansion": {
      "version": "1.1.8",
      "dev": true,
      "license": "MIT",
      "dependencies": {
        "balanced-match": "^1.0.0",
        "concat-map": "0.0.1"
      }
    },
    "node_modules/browser-stdout": {
      "version": "1.3.0",
      "dev": true,
      "license": "ISC"
    },
    "node_modules/builtin-modules": {
      "version": "1.1.1",
      "dev": true,
      "license": "MIT",
      "engines": {
        "node": ">=0.10.0"
      }
    },
    "node_modules/chai": {
      "version": "4.1.2",
      "dev": true,
      "license": "MIT",
      "dependencies": {
        "assertion-error": "^1.0.1",
        "check-error": "^1.0.1",
        "deep-eql": "^3.0.0",
        "get-func-name": "^2.0.0",
        "pathval": "^1.0.0",
        "type-detect": "^4.0.0"
      },
      "engines": {
        "node": ">=4"
      }
    },
    "node_modules/chai/node_modules/deep-eql": {
      "version": "3.0.0",
      "dev": true,
      "license": "MIT",
      "dependencies": {
        "type-detect": "^4.0.0"
      },
      "engines": {
        "node": ">=0.12"
      }
    },
    "node_modules/chai/node_modules/type-detect": {
      "version": "4.0.3",
      "dev": true,
      "license": "MIT",
      "engines": {
        "node": "*"
      }
    },
    "node_modules/check-error": {
      "version": "1.0.2",
      "dev": true,
      "license": "MIT",
      "engines": {
        "node": "*"
      }
    },
    "node_modules/color-convert": {
      "version": "1.9.0",
      "dev": true,
      "license": "MIT",
      "dependencies": {
        "color-name": "^1.1.1"
      }
    },
    "node_modules/color-name": {
      "version": "1.1.3",
      "dev": true,
      "license": "MIT"
    },
    "node_modules/concat-map": {
      "version": "0.0.1",
      "dev": true,
      "license": "MIT"
    },
    "node_modules/core-util-is": {
      "version": "1.0.2",
      "dev": true,
      "license": "MIT"
    },
    "node_modules/cross-spawn": {
      "version": "5.1.0",
      "dev": true,
      "license": "MIT",
      "dependencies": {
        "lru-cache": "^4.0.1",
        "shebang-command": "^1.2.0",
        "which": "^1.2.9"
      }
    },
    "node_modules/debug": {
      "version": "2.6.8",
      "dev": true,
      "license": "MIT",
      "dependencies": {
        "ms": "2.0.0"
      }
    },
    "node_modules/define-properties": {
      "version": "1.1.2",
      "dev": true,
      "license": "MIT",
      "dependencies": {
        "foreach": "^2.0.5",
        "object-keys": "^1.0.8"
      },
      "engines": {
        "node": ">= 0.4"
      }
    },
    "node_modules/diff": {
      "version": "3.2.0",
      "dev": true,
      "license": "BSD-3-Clause",
      "engines": {
        "node": ">=0.3.1"
      }
    },
    "node_modules/duplexer": {
      "version": "0.1.1",
      "dev": true
    },
    "node_modules/error-ex": {
      "version": "1.3.1",
      "dev": true,
      "license": "MIT",
      "dependencies": {
        "is-arrayish": "^0.2.1"
      }
    },
    "node_modules/es-abstract": {
      "version": "1.8.2",
      "dev": true,
      "license": "MIT",
      "dependencies": {
        "es-to-primitive": "^1.1.1",
        "function-bind": "^1.1.1",
        "has": "^1.0.1",
        "is-callable": "^1.1.3",
        "is-regex": "^1.0.4"
      },
      "engines": {
        "node": ">= 0.4"
      }
    },
    "node_modules/es-to-primitive": {
      "version": "1.1.1",
      "dev": true,
      "license": "MIT",
      "dependencies": {
        "is-callable": "^1.1.1",
        "is-date-object": "^1.0.1",
        "is-symbol": "^1.0.1"
      },
      "engines": {
        "node": ">= 0.4"
      }
    },
    "node_modules/esbuild": {
      "version": "0.14.11",
      "resolved": "https://registry.npmjs.org/esbuild/-/esbuild-0.14.11.tgz",
      "integrity": "sha512-xZvPtVj6yecnDeFb3KjjCM6i7B5TCAQZT77kkW/CpXTMnd6VLnRPKrUB1XHI1pSq6a4Zcy3BGueQ8VljqjDGCg==",
      "dev": true,
      "hasInstallScript": true,
      "bin": {
        "esbuild": "bin/esbuild"
      },
      "optionalDependencies": {
        "esbuild-android-arm64": "0.14.11",
        "esbuild-darwin-64": "0.14.11",
        "esbuild-darwin-arm64": "0.14.11",
        "esbuild-freebsd-64": "0.14.11",
        "esbuild-freebsd-arm64": "0.14.11",
        "esbuild-linux-32": "0.14.11",
        "esbuild-linux-64": "0.14.11",
        "esbuild-linux-arm": "0.14.11",
        "esbuild-linux-arm64": "0.14.11",
        "esbuild-linux-mips64le": "0.14.11",
        "esbuild-linux-ppc64le": "0.14.11",
        "esbuild-linux-s390x": "0.14.11",
        "esbuild-netbsd-64": "0.14.11",
        "esbuild-openbsd-64": "0.14.11",
        "esbuild-sunos-64": "0.14.11",
        "esbuild-windows-32": "0.14.11",
        "esbuild-windows-64": "0.14.11",
        "esbuild-windows-arm64": "0.14.11"
      }
    },
    "node_modules/esbuild-android-arm64": {
      "version": "0.14.11",
      "resolved": "https://registry.npmjs.org/esbuild-android-arm64/-/esbuild-android-arm64-0.14.11.tgz",
      "integrity": "sha512-6iHjgvMnC/SzDH8TefL+/3lgCjYWwAd1LixYfmz/TBPbDQlxcuSkX0yiQgcJB9k+ibZ54yjVXziIwGdlc+6WNw==",
      "cpu": [
        "arm64"
      ],
      "dev": true,
      "optional": true,
      "os": [
        "android"
      ]
    },
    "node_modules/esbuild-darwin-64": {
      "version": "0.14.11",
      "resolved": "https://registry.npmjs.org/esbuild-darwin-64/-/esbuild-darwin-64-0.14.11.tgz",
      "integrity": "sha512-olq84ikh6TiBcrs3FnM4eR5VPPlcJcdW8BnUz/lNoEWYifYQ+Po5DuYV1oz1CTFMw4k6bQIZl8T3yxL+ZT2uvQ==",
      "cpu": [
        "x64"
      ],
      "dev": true,
      "optional": true,
      "os": [
        "darwin"
      ]
    },
    "node_modules/esbuild-darwin-arm64": {
      "version": "0.14.11",
      "resolved": "https://registry.npmjs.org/esbuild-darwin-arm64/-/esbuild-darwin-arm64-0.14.11.tgz",
      "integrity": "sha512-Jj0ieWLREPBYr/TZJrb2GFH8PVzDqiQWavo1pOFFShrcmHWDBDrlDxPzEZ67NF/Un3t6sNNmeI1TUS/fe1xARg==",
      "cpu": [
        "arm64"
      ],
      "dev": true,
      "optional": true,
      "os": [
        "darwin"
      ]
    },
    "node_modules/esbuild-freebsd-64": {
      "version": "0.14.11",
      "resolved": "https://registry.npmjs.org/esbuild-freebsd-64/-/esbuild-freebsd-64-0.14.11.tgz",
      "integrity": "sha512-C5sT3/XIztxxz/zwDjPRHyzj/NJFOnakAanXuyfLDwhwupKPd76/PPHHyJx6Po6NI6PomgVp/zi6GRB8PfrOTA==",
      "cpu": [
        "x64"
      ],
      "dev": true,
      "optional": true,
      "os": [
        "freebsd"
      ]
    },
    "node_modules/esbuild-freebsd-arm64": {
      "version": "0.14.11",
      "resolved": "https://registry.npmjs.org/esbuild-freebsd-arm64/-/esbuild-freebsd-arm64-0.14.11.tgz",
      "integrity": "sha512-y3Llu4wbs0bk4cwjsdAtVOesXb6JkdfZDLKMt+v1U3tOEPBdSu6w8796VTksJgPfqvpX22JmPLClls0h5p+L9w==",
      "cpu": [
        "arm64"
      ],
      "dev": true,
      "optional": true,
      "os": [
        "freebsd"
      ]
    },
    "node_modules/esbuild-linux-32": {
      "version": "0.14.11",
      "resolved": "https://registry.npmjs.org/esbuild-linux-32/-/esbuild-linux-32-0.14.11.tgz",
      "integrity": "sha512-Cg3nVsxArjyLke9EuwictFF3Sva+UlDTwHIuIyx8qpxRYAOUTmxr2LzYrhHyTcGOleLGXUXYsnUVwKqnKAgkcg==",
      "cpu": [
        "ia32"
      ],
      "dev": true,
      "optional": true,
      "os": [
        "linux"
      ]
    },
    "node_modules/esbuild-linux-64": {
      "version": "0.14.11",
      "resolved": "https://registry.npmjs.org/esbuild-linux-64/-/esbuild-linux-64-0.14.11.tgz",
      "integrity": "sha512-oeR6dIrrojr8DKVrxtH3xl4eencmjsgI6kPkDCRIIFwv4p+K7ySviM85K66BN01oLjzthpUMvBVfWSJkBLeRbg==",
      "cpu": [
        "x64"
      ],
      "dev": true,
      "optional": true,
      "os": [
        "linux"
      ]
    },
    "node_modules/esbuild-linux-arm": {
      "version": "0.14.11",
      "resolved": "https://registry.npmjs.org/esbuild-linux-arm/-/esbuild-linux-arm-0.14.11.tgz",
      "integrity": "sha512-vcwskfD9g0tojux/ZaTJptJQU3a7YgTYsptK1y6LQ/rJmw7U5QJvboNawqM98Ca3ToYEucfCRGbl66OTNtp6KQ==",
      "cpu": [
        "arm"
      ],
      "dev": true,
      "optional": true,
      "os": [
        "linux"
      ]
    },
    "node_modules/esbuild-linux-arm64": {
      "version": "0.14.11",
      "resolved": "https://registry.npmjs.org/esbuild-linux-arm64/-/esbuild-linux-arm64-0.14.11.tgz",
      "integrity": "sha512-+e6ZCgTFQYZlmg2OqLkg1jHLYtkNDksxWDBWNtI4XG4WxuOCUErLqfEt9qWjvzK3XBcCzHImrajkUjO+rRkbMg==",
      "cpu": [
        "arm64"
      ],
      "dev": true,
      "optional": true,
      "os": [
        "linux"
      ]
    },
    "node_modules/esbuild-linux-mips64le": {
      "version": "0.14.11",
      "resolved": "https://registry.npmjs.org/esbuild-linux-mips64le/-/esbuild-linux-mips64le-0.14.11.tgz",
      "integrity": "sha512-Rrs99L+p54vepmXIb87xTG6ukrQv+CzrM8eoeR+r/OFL2Rg8RlyEtCeshXJ2+Q66MXZOgPJaokXJZb9snq28bw==",
      "cpu": [
        "mips64el"
      ],
      "dev": true,
      "optional": true,
      "os": [
        "linux"
      ]
    },
    "node_modules/esbuild-linux-ppc64le": {
      "version": "0.14.11",
      "resolved": "https://registry.npmjs.org/esbuild-linux-ppc64le/-/esbuild-linux-ppc64le-0.14.11.tgz",
      "integrity": "sha512-JyzziGAI0D30Vyzt0HDihp4s1IUtJ3ssV2zx9O/c+U/dhUHVP2TmlYjzCfCr2Q6mwXTeloDcLS4qkyvJtYptdQ==",
      "cpu": [
        "ppc64"
      ],
      "dev": true,
      "optional": true,
      "os": [
        "linux"
      ]
    },
    "node_modules/esbuild-linux-s390x": {
      "version": "0.14.11",
      "resolved": "https://registry.npmjs.org/esbuild-linux-s390x/-/esbuild-linux-s390x-0.14.11.tgz",
      "integrity": "sha512-DoThrkzunZ1nfRGoDN6REwmo8ZZWHd2ztniPVIR5RMw/Il9wiWEYBahb8jnMzQaSOxBsGp0PbyJeVLTUatnlcw==",
      "cpu": [
        "s390x"
      ],
      "dev": true,
      "optional": true,
      "os": [
        "linux"
      ]
    },
    "node_modules/esbuild-netbsd-64": {
      "version": "0.14.11",
      "resolved": "https://registry.npmjs.org/esbuild-netbsd-64/-/esbuild-netbsd-64-0.14.11.tgz",
      "integrity": "sha512-12luoRQz+6eihKYh1zjrw0CBa2aw3twIiHV/FAfjh2NEBDgJQOY4WCEUEN+Rgon7xmLh4XUxCQjnwrvf8zhACw==",
      "cpu": [
        "x64"
      ],
      "dev": true,
      "optional": true,
      "os": [
        "netbsd"
      ]
    },
    "node_modules/esbuild-openbsd-64": {
      "version": "0.14.11",
      "resolved": "https://registry.npmjs.org/esbuild-openbsd-64/-/esbuild-openbsd-64-0.14.11.tgz",
      "integrity": "sha512-l18TZDjmvwW6cDeR4fmizNoxndyDHamGOOAenwI4SOJbzlJmwfr0jUgjbaXCUuYVOA964siw+Ix+A+bhALWg8Q==",
      "cpu": [
        "x64"
      ],
      "dev": true,
      "optional": true,
      "os": [
        "openbsd"
      ]
    },
    "node_modules/esbuild-sunos-64": {
      "version": "0.14.11",
      "resolved": "https://registry.npmjs.org/esbuild-sunos-64/-/esbuild-sunos-64-0.14.11.tgz",
      "integrity": "sha512-bmYzDtwASBB8c+0/HVOAiE9diR7+8zLm/i3kEojUH2z0aIs6x/S4KiTuT5/0VKJ4zk69kXel1cNWlHBMkmavQg==",
      "cpu": [
        "x64"
      ],
      "dev": true,
      "optional": true,
      "os": [
        "sunos"
      ]
    },
    "node_modules/esbuild-windows-32": {
      "version": "0.14.11",
      "resolved": "https://registry.npmjs.org/esbuild-windows-32/-/esbuild-windows-32-0.14.11.tgz",
      "integrity": "sha512-J1Ys5hMid8QgdY00OBvIolXgCQn1ARhYtxPnG6ESWNTty3ashtc4+As5nTrsErnv8ZGUcWZe4WzTP/DmEVX1UQ==",
      "cpu": [
        "ia32"
      ],
      "dev": true,
      "optional": true,
      "os": [
        "win32"
      ]
    },
    "node_modules/esbuild-windows-64": {
      "version": "0.14.11",
      "resolved": "https://registry.npmjs.org/esbuild-windows-64/-/esbuild-windows-64-0.14.11.tgz",
      "integrity": "sha512-h9FmMskMuGeN/9G9+LlHPAoiQk9jlKDUn9yA0MpiGzwLa82E7r1b1u+h2a+InprbSnSLxDq/7p5YGtYVO85Mlg==",
      "cpu": [
        "x64"
      ],
      "dev": true,
      "optional": true,
      "os": [
        "win32"
      ]
    },
    "node_modules/esbuild-windows-arm64": {
      "version": "0.14.11",
      "resolved": "https://registry.npmjs.org/esbuild-windows-arm64/-/esbuild-windows-arm64-0.14.11.tgz",
      "integrity": "sha512-dZp7Krv13KpwKklt9/1vBFBMqxEQIO6ri7Azf8C+ob4zOegpJmha2XY9VVWP/OyQ0OWk6cEeIzMJwInRZrzBUQ==",
      "cpu": [
        "arm64"
      ],
      "dev": true,
      "optional": true,
      "os": [
        "win32"
      ]
    },
    "node_modules/escape-string-regexp": {
      "version": "1.0.5",
      "dev": true,
      "license": "MIT",
      "engines": {
        "node": ">=0.8.0"
      }
    },
    "node_modules/event-stream": {
      "version": "3.3.4",
      "dev": true,
      "license": "MIT",
      "dependencies": {
        "duplexer": "~0.1.1",
        "from": "~0",
        "map-stream": "~0.1.0",
        "pause-stream": "0.0.11",
        "split": "0.3",
        "stream-combiner": "~0.0.4",
        "through": "~2.3.1"
      }
    },
    "node_modules/foreach": {
      "version": "2.0.5",
      "dev": true,
      "license": "MIT"
    },
    "node_modules/from": {
      "version": "0.1.7",
      "dev": true,
      "license": "MIT"
    },
    "node_modules/fs.realpath": {
      "version": "1.0.0",
      "dev": true,
      "license": "ISC"
    },
    "node_modules/function-bind": {
      "version": "1.1.1",
      "dev": true,
      "license": "MIT"
    },
    "node_modules/get-func-name": {
      "version": "2.0.0",
      "dev": true,
      "license": "MIT",
      "engines": {
        "node": "*"
      }
    },
    "node_modules/graceful-fs": {
      "version": "4.1.11",
      "dev": true,
      "license": "ISC",
      "engines": {
        "node": ">=0.4.0"
      }
    },
    "node_modules/graceful-readlink": {
      "version": "1.0.1",
      "dev": true,
      "license": "MIT"
    },
    "node_modules/growl": {
      "version": "1.9.2",
      "dev": true,
      "license": "MIT"
    },
    "node_modules/has": {
      "version": "1.0.1",
      "dev": true,
      "dependencies": {
        "function-bind": "^1.0.2"
      },
      "engines": {
        "node": ">= 0.8.0"
      }
    },
    "node_modules/has-flag": {
      "version": "1.0.0",
      "dev": true,
      "license": "MIT",
      "engines": {
        "node": ">=0.10.0"
      }
    },
    "node_modules/hosted-git-info": {
      "version": "2.5.0",
      "dev": true,
      "license": "ISC"
    },
    "node_modules/inflight": {
      "version": "1.0.6",
      "dev": true,
      "license": "ISC",
      "dependencies": {
        "once": "^1.3.0",
        "wrappy": "1"
      }
    },
    "node_modules/inherits": {
      "version": "2.0.3",
      "dev": true,
      "license": "ISC"
    },
    "node_modules/is-arrayish": {
      "version": "0.2.1",
      "dev": true,
      "license": "MIT"
    },
    "node_modules/is-builtin-module": {
      "version": "1.0.0",
      "dev": true,
      "license": "MIT",
      "dependencies": {
        "builtin-modules": "^1.0.0"
      },
      "engines": {
        "node": ">=0.10.0"
      }
    },
    "node_modules/is-callable": {
      "version": "1.1.3",
      "dev": true,
      "license": "MIT",
      "engines": {
        "node": ">= 0.4"
      }
    },
    "node_modules/is-date-object": {
      "version": "1.0.1",
      "dev": true,
      "license": "MIT",
      "engines": {
        "node": ">= 0.4"
      }
    },
    "node_modules/is-regex": {
      "version": "1.0.4",
      "dev": true,
      "license": "MIT",
      "dependencies": {
        "has": "^1.0.1"
      },
      "engines": {
        "node": ">= 0.4"
      }
    },
    "node_modules/is-symbol": {
      "version": "1.0.1",
      "dev": true,
      "license": "MIT",
      "engines": {
        "node": ">= 0.4"
      }
    },
    "node_modules/isexe": {
      "version": "2.0.0",
      "dev": true,
      "license": "ISC"
    },
    "node_modules/json3": {
      "version": "3.3.2",
      "dev": true
    },
    "node_modules/jsonify": {
      "version": "0.0.0",
      "dev": true,
      "license": "Public Domain"
    },
    "node_modules/load-json-file": {
      "version": "2.0.0",
      "dev": true,
      "license": "MIT",
      "dependencies": {
        "graceful-fs": "^4.1.2",
        "parse-json": "^2.2.0",
        "pify": "^2.0.0",
        "strip-bom": "^3.0.0"
      },
      "engines": {
        "node": ">=4"
      }
    },
    "node_modules/lodash._baseassign": {
      "version": "3.2.0",
      "dev": true,
      "license": "MIT",
      "dependencies": {
        "lodash._basecopy": "^3.0.0",
        "lodash.keys": "^3.0.0"
      }
    },
    "node_modules/lodash._basecopy": {
      "version": "3.0.1",
      "dev": true,
      "license": "MIT"
    },
    "node_modules/lodash._basecreate": {
      "version": "3.0.3",
      "dev": true,
      "license": "MIT"
    },
    "node_modules/lodash._getnative": {
      "version": "3.9.1",
      "dev": true,
      "license": "MIT"
    },
    "node_modules/lodash._isiterateecall": {
      "version": "3.0.9",
      "dev": true,
      "license": "MIT"
    },
    "node_modules/lodash.create": {
      "version": "3.1.1",
      "dev": true,
      "license": "MIT",
      "dependencies": {
        "lodash._baseassign": "^3.0.0",
        "lodash._basecreate": "^3.0.0",
        "lodash._isiterateecall": "^3.0.0"
      }
    },
    "node_modules/lodash.isarguments": {
      "version": "3.1.0",
      "dev": true,
      "license": "MIT"
    },
    "node_modules/lodash.isarray": {
      "version": "3.0.4",
      "dev": true,
      "license": "MIT"
    },
    "node_modules/lodash.keys": {
      "version": "3.1.2",
      "dev": true,
      "license": "MIT",
      "dependencies": {
        "lodash._getnative": "^3.0.0",
        "lodash.isarguments": "^3.0.0",
        "lodash.isarray": "^3.0.0"
      }
    },
    "node_modules/lru-cache": {
      "version": "4.1.1",
      "dev": true,
      "license": "ISC",
      "dependencies": {
        "pseudomap": "^1.0.2",
        "yallist": "^2.1.2"
      }
    },
    "node_modules/map-stream": {
      "version": "0.1.0",
      "dev": true
    },
    "node_modules/memory-streams": {
      "version": "0.1.2",
      "dev": true,
      "license": "MIT",
      "dependencies": {
        "readable-stream": "~1.0.2"
      }
    },
    "node_modules/memory-streams/node_modules/isarray": {
      "version": "0.0.1",
      "dev": true,
      "license": "MIT"
    },
    "node_modules/memory-streams/node_modules/readable-stream": {
      "version": "1.0.34",
      "dev": true,
      "license": "MIT",
      "dependencies": {
        "core-util-is": "~1.0.0",
        "inherits": "~2.0.1",
        "isarray": "0.0.1",
        "string_decoder": "~0.10.x"
      }
    },
    "node_modules/memory-streams/node_modules/string_decoder": {
      "version": "0.10.31",
      "dev": true,
      "license": "MIT"
    },
    "node_modules/minimatch": {
      "version": "3.0.4",
      "dev": true,
      "license": "ISC",
      "dependencies": {
        "brace-expansion": "^1.1.7"
      },
      "engines": {
        "node": "*"
      }
    },
    "node_modules/minimist": {
      "version": "0.0.8",
      "dev": true,
      "license": "MIT"
    },
    "node_modules/mkdirp": {
      "version": "0.5.1",
      "dev": true,
      "license": "MIT",
      "dependencies": {
        "minimist": "0.0.8"
      },
      "bin": {
        "mkdirp": "bin/cmd.js"
      }
    },
    "node_modules/mocha": {
      "version": "3.5.0",
      "dev": true,
      "license": "MIT",
      "dependencies": {
        "browser-stdout": "1.3.0",
        "commander": "2.9.0",
        "debug": "2.6.8",
        "diff": "3.2.0",
        "escape-string-regexp": "1.0.5",
        "glob": "7.1.1",
        "growl": "1.9.2",
        "json3": "3.3.2",
        "lodash.create": "3.1.1",
        "mkdirp": "0.5.1",
        "supports-color": "3.1.2"
      },
      "bin": {
        "_mocha": "bin/_mocha",
        "mocha": "bin/mocha"
      },
      "engines": {
        "node": ">= 0.10.x",
        "npm": ">= 1.4.x"
      }
    },
    "node_modules/mocha/node_modules/commander": {
      "version": "2.9.0",
      "dev": true,
      "license": "MIT",
      "dependencies": {
        "graceful-readlink": ">= 1.0.0"
      },
      "engines": {
        "node": ">= 0.6.x"
      }
    },
    "node_modules/mocha/node_modules/glob": {
      "version": "7.1.1",
      "dev": true,
      "license": "ISC",
      "dependencies": {
        "fs.realpath": "^1.0.0",
        "inflight": "^1.0.4",
        "inherits": "2",
        "minimatch": "^3.0.2",
        "once": "^1.3.0",
        "path-is-absolute": "^1.0.0"
      },
      "engines": {
        "node": "*"
      }
    },
    "node_modules/mocha/node_modules/supports-color": {
      "version": "3.1.2",
      "dev": true,
      "license": "MIT",
      "dependencies": {
        "has-flag": "^1.0.0"
      },
      "engines": {
        "node": ">=0.8.0"
      }
    },
    "node_modules/ms": {
      "version": "2.0.0",
      "dev": true,
      "license": "MIT"
    },
    "node_modules/normalize-package-data": {
      "version": "2.4.0",
      "dev": true,
      "license": "BSD-2-Clause",
      "dependencies": {
        "hosted-git-info": "^2.1.4",
        "is-builtin-module": "^1.0.0",
        "semver": "2 || 3 || 4 || 5",
        "validate-npm-package-license": "^3.0.1"
      }
    },
    "node_modules/npm-run-all": {
      "version": "4.1.1",
      "dev": true,
      "license": "MIT",
      "dependencies": {
        "ansi-styles": "^3.2.0",
        "chalk": "^2.1.0",
        "cross-spawn": "^5.1.0",
        "memory-streams": "^0.1.2",
        "minimatch": "^3.0.4",
        "ps-tree": "^1.1.0",
        "read-pkg": "^2.0.0",
        "shell-quote": "^1.6.1",
        "string.prototype.padend": "^3.0.0"
      },
      "bin": {
        "npm-run-all": "bin/npm-run-all/index.js",
        "run-p": "bin/run-p/index.js",
        "run-s": "bin/run-s/index.js"
      },
      "engines": {
        "node": ">= 4"
      }
    },
    "node_modules/npm-run-all/node_modules/ansi-styles": {
      "version": "3.2.0",
      "dev": true,
      "license": "MIT",
      "dependencies": {
        "color-convert": "^1.9.0"
      },
      "engines": {
        "node": ">=4"
      }
    },
    "node_modules/npm-run-all/node_modules/chalk": {
      "version": "2.1.0",
      "dev": true,
      "license": "MIT",
      "dependencies": {
        "ansi-styles": "^3.1.0",
        "escape-string-regexp": "^1.0.5",
        "supports-color": "^4.0.0"
      },
      "engines": {
        "node": ">=4"
      }
    },
    "node_modules/npm-run-all/node_modules/has-flag": {
      "version": "2.0.0",
      "dev": true,
      "license": "MIT",
      "engines": {
        "node": ">=0.10.0"
      }
    },
    "node_modules/npm-run-all/node_modules/supports-color": {
      "version": "4.4.0",
      "dev": true,
      "license": "MIT",
      "dependencies": {
        "has-flag": "^2.0.0"
      },
      "engines": {
        "node": ">=4"
      }
    },
    "node_modules/object-keys": {
      "version": "1.0.11",
      "dev": true,
      "license": "MIT",
      "engines": {
        "node": ">= 0.4"
      }
    },
    "node_modules/once": {
      "version": "1.4.0",
      "dev": true,
      "license": "ISC",
      "dependencies": {
        "wrappy": "1"
      }
    },
    "node_modules/parse-json": {
      "version": "2.2.0",
      "dev": true,
      "license": "MIT",
      "dependencies": {
        "error-ex": "^1.2.0"
      },
      "engines": {
        "node": ">=0.10.0"
      }
    },
    "node_modules/path-is-absolute": {
      "version": "1.0.1",
      "dev": true,
      "license": "MIT",
      "engines": {
        "node": ">=0.10.0"
      }
    },
    "node_modules/path-type": {
      "version": "2.0.0",
      "dev": true,
      "license": "MIT",
      "dependencies": {
        "pify": "^2.0.0"
      },
      "engines": {
        "node": ">=4"
      }
    },
    "node_modules/pathval": {
      "version": "1.1.0",
      "dev": true,
      "license": "MIT",
      "engines": {
        "node": "*"
      }
    },
    "node_modules/pause-stream": {
      "version": "0.0.11",
      "dev": true,
      "license": [
        "MIT",
        "Apache2"
      ],
      "dependencies": {
        "through": "~2.3"
      }
    },
    "node_modules/pify": {
      "version": "2.3.0",
      "dev": true,
      "license": "MIT",
      "engines": {
        "node": ">=0.10.0"
      }
    },
    "node_modules/prettier": {
      "version": "2.5.1",
      "resolved": "https://registry.npmjs.org/prettier/-/prettier-2.5.1.tgz",
      "integrity": "sha512-vBZcPRUR5MZJwoyi3ZoyQlc1rXeEck8KgeC9AwwOn+exuxLxq5toTRDTSaVrXHxelDMHy9zlicw8u66yxoSUFg==",
      "dev": true,
      "bin": {
        "prettier": "bin-prettier.js"
      },
      "engines": {
        "node": ">=10.13.0"
      }
    },
    "node_modules/ps-tree": {
      "version": "1.1.0",
      "dev": true,
      "license": "MIT",
      "dependencies": {
        "event-stream": "~3.3.0"
      },
      "engines": {
        "node": ">= 0.10"
      }
    },
    "node_modules/pseudomap": {
      "version": "1.0.2",
      "dev": true,
      "license": "ISC"
    },
    "node_modules/read-pkg": {
      "version": "2.0.0",
      "dev": true,
      "license": "MIT",
      "dependencies": {
        "load-json-file": "^2.0.0",
        "normalize-package-data": "^2.3.2",
        "path-type": "^2.0.0"
      },
      "engines": {
        "node": ">=4"
      }
    },
    "node_modules/semver": {
      "version": "5.7.1",
      "resolved": "https://registry.npmjs.org/semver/-/semver-5.7.1.tgz",
      "integrity": "sha512-sauaDf/PZdVgrLTNYHRtpXa1iRiKcaebiKQ1BJdpQlWH2lCvexQdX55snPFyK7QzpudqbCI0qXFfOasHdyNDGQ==",
      "dev": true,
      "bin": {
        "semver": "bin/semver"
      }
    },
    "node_modules/shebang-command": {
      "version": "1.2.0",
      "dev": true,
      "license": "MIT",
      "dependencies": {
        "shebang-regex": "^1.0.0"
      },
      "engines": {
        "node": ">=0.10.0"
      }
    },
    "node_modules/shebang-regex": {
      "version": "1.0.0",
      "dev": true,
      "license": "MIT",
      "engines": {
        "node": ">=0.10.0"
      }
    },
    "node_modules/shell-quote": {
      "version": "1.6.1",
      "dev": true,
      "license": "MIT",
      "dependencies": {
        "array-filter": "~0.0.0",
        "array-map": "~0.0.0",
        "array-reduce": "~0.0.0",
        "jsonify": "~0.0.0"
      }
    },
    "node_modules/spdx-correct": {
      "version": "1.0.2",
      "dev": true,
      "license": "Apache-2.0",
      "dependencies": {
        "spdx-license-ids": "^1.0.2"
      }
    },
    "node_modules/spdx-expression-parse": {
      "version": "1.0.4",
      "dev": true,
      "license": "(MIT AND CC-BY-3.0)"
    },
    "node_modules/spdx-license-ids": {
      "version": "1.2.2",
      "dev": true,
      "license": "Unlicense"
    },
    "node_modules/split": {
      "version": "0.3.3",
      "dev": true,
      "license": "MIT",
      "dependencies": {
        "through": "2"
      },
      "engines": {
        "node": "*"
      }
    },
    "node_modules/stream-combiner": {
      "version": "0.0.4",
      "dev": true,
      "license": "MIT",
      "dependencies": {
        "duplexer": "~0.1.1"
      }
    },
    "node_modules/string.prototype.padend": {
      "version": "3.0.0",
      "dev": true,
      "license": "MIT",
      "dependencies": {
        "define-properties": "^1.1.2",
        "es-abstract": "^1.4.3",
        "function-bind": "^1.0.2"
      },
      "engines": {
        "node": ">= 0.4"
      }
    },
    "node_modules/strip-bom": {
      "version": "3.0.0",
      "dev": true,
      "license": "MIT",
      "engines": {
        "node": ">=4"
      }
    },
    "node_modules/through": {
      "version": "2.3.8",
      "dev": true,
      "license": "MIT"
    },
    "node_modules/validate-npm-package-license": {
      "version": "3.0.1",
      "dev": true,
      "license": "Apache-2.0",
      "dependencies": {
        "spdx-correct": "~1.0.0",
        "spdx-expression-parse": "~1.0.0"
      }
    },
    "node_modules/which": {
      "version": "1.3.0",
      "dev": true,
      "license": "ISC",
      "dependencies": {
        "isexe": "^2.0.0"
      },
      "bin": {
        "which": "bin/which"
      }
    },
    "node_modules/wrappy": {
      "version": "1.0.2",
      "dev": true,
      "license": "ISC"
    },
    "node_modules/yallist": {
      "version": "2.1.2",
      "dev": true,
      "license": "ISC"
    }
  },
  "dependencies": {
    "array-filter": {
      "version": "0.0.1",
      "dev": true
    },
    "array-map": {
      "version": "0.0.0",
      "dev": true
    },
    "array-reduce": {
      "version": "0.0.0",
      "dev": true
    },
    "assertion-error": {
      "version": "1.0.2",
      "dev": true
    },
    "balanced-match": {
      "version": "1.0.0",
      "dev": true
    },
    "brace-expansion": {
      "version": "1.1.8",
      "dev": true,
      "requires": {
        "balanced-match": "^1.0.0",
        "concat-map": "0.0.1"
      }
    },
    "browser-stdout": {
      "version": "1.3.0",
      "dev": true
    },
    "builtin-modules": {
      "version": "1.1.1",
      "dev": true
    },
    "chai": {
      "version": "4.1.2",
      "dev": true,
      "requires": {
        "assertion-error": "^1.0.1",
        "check-error": "^1.0.1",
        "deep-eql": "^3.0.0",
        "get-func-name": "^2.0.0",
        "pathval": "^1.0.0",
        "type-detect": "^4.0.0"
      },
      "dependencies": {
        "deep-eql": {
          "version": "3.0.0",
          "dev": true,
          "requires": {
            "type-detect": "^4.0.0"
          }
        },
        "type-detect": {
          "version": "4.0.3",
          "dev": true
        }
      }
    },
    "check-error": {
      "version": "1.0.2",
      "dev": true
    },
    "color-convert": {
      "version": "1.9.0",
      "dev": true,
      "requires": {
        "color-name": "^1.1.1"
      }
    },
    "color-name": {
      "version": "1.1.3",
      "dev": true
    },
    "concat-map": {
      "version": "0.0.1",
      "dev": true
    },
    "core-util-is": {
      "version": "1.0.2",
      "dev": true
    },
    "cross-spawn": {
      "version": "5.1.0",
      "dev": true,
      "requires": {
        "lru-cache": "^4.0.1",
        "shebang-command": "^1.2.0",
        "which": "^1.2.9"
      }
    },
    "debug": {
      "version": "2.6.8",
      "dev": true,
      "requires": {
        "ms": "2.0.0"
      }
    },
    "define-properties": {
      "version": "1.1.2",
      "dev": true,
      "requires": {
        "foreach": "^2.0.5",
        "object-keys": "^1.0.8"
      }
    },
    "diff": {
      "version": "3.2.0",
      "dev": true
    },
    "duplexer": {
      "version": "0.1.1",
      "dev": true
    },
    "error-ex": {
      "version": "1.3.1",
      "dev": true,
      "requires": {
        "is-arrayish": "^0.2.1"
      }
    },
    "es-abstract": {
      "version": "1.8.2",
      "dev": true,
      "requires": {
        "es-to-primitive": "^1.1.1",
        "function-bind": "^1.1.1",
        "has": "^1.0.1",
        "is-callable": "^1.1.3",
        "is-regex": "^1.0.4"
      }
    },
    "es-to-primitive": {
      "version": "1.1.1",
      "dev": true,
      "requires": {
        "is-callable": "^1.1.1",
        "is-date-object": "^1.0.1",
        "is-symbol": "^1.0.1"
      }
    },
    "esbuild": {
      "version": "0.14.11",
      "resolved": "https://registry.npmjs.org/esbuild/-/esbuild-0.14.11.tgz",
      "integrity": "sha512-xZvPtVj6yecnDeFb3KjjCM6i7B5TCAQZT77kkW/CpXTMnd6VLnRPKrUB1XHI1pSq6a4Zcy3BGueQ8VljqjDGCg==",
      "dev": true,
      "requires": {
        "esbuild-android-arm64": "0.14.11",
        "esbuild-darwin-64": "0.14.11",
        "esbuild-darwin-arm64": "0.14.11",
        "esbuild-freebsd-64": "0.14.11",
        "esbuild-freebsd-arm64": "0.14.11",
        "esbuild-linux-32": "0.14.11",
        "esbuild-linux-64": "0.14.11",
        "esbuild-linux-arm": "0.14.11",
        "esbuild-linux-arm64": "0.14.11",
        "esbuild-linux-mips64le": "0.14.11",
        "esbuild-linux-ppc64le": "0.14.11",
        "esbuild-linux-s390x": "0.14.11",
        "esbuild-netbsd-64": "0.14.11",
        "esbuild-openbsd-64": "0.14.11",
        "esbuild-sunos-64": "0.14.11",
        "esbuild-windows-32": "0.14.11",
        "esbuild-windows-64": "0.14.11",
        "esbuild-windows-arm64": "0.14.11"
      }
    },
    "esbuild-android-arm64": {
      "version": "0.14.11",
      "resolved": "https://registry.npmjs.org/esbuild-android-arm64/-/esbuild-android-arm64-0.14.11.tgz",
      "integrity": "sha512-6iHjgvMnC/SzDH8TefL+/3lgCjYWwAd1LixYfmz/TBPbDQlxcuSkX0yiQgcJB9k+ibZ54yjVXziIwGdlc+6WNw==",
      "dev": true,
      "optional": true
    },
    "esbuild-darwin-64": {
      "version": "0.14.11",
      "resolved": "https://registry.npmjs.org/esbuild-darwin-64/-/esbuild-darwin-64-0.14.11.tgz",
      "integrity": "sha512-olq84ikh6TiBcrs3FnM4eR5VPPlcJcdW8BnUz/lNoEWYifYQ+Po5DuYV1oz1CTFMw4k6bQIZl8T3yxL+ZT2uvQ==",
      "dev": true,
      "optional": true
    },
    "esbuild-darwin-arm64": {
      "version": "0.14.11",
      "resolved": "https://registry.npmjs.org/esbuild-darwin-arm64/-/esbuild-darwin-arm64-0.14.11.tgz",
      "integrity": "sha512-Jj0ieWLREPBYr/TZJrb2GFH8PVzDqiQWavo1pOFFShrcmHWDBDrlDxPzEZ67NF/Un3t6sNNmeI1TUS/fe1xARg==",
      "dev": true,
      "optional": true
    },
    "esbuild-freebsd-64": {
      "version": "0.14.11",
      "resolved": "https://registry.npmjs.org/esbuild-freebsd-64/-/esbuild-freebsd-64-0.14.11.tgz",
      "integrity": "sha512-C5sT3/XIztxxz/zwDjPRHyzj/NJFOnakAanXuyfLDwhwupKPd76/PPHHyJx6Po6NI6PomgVp/zi6GRB8PfrOTA==",
      "dev": true,
      "optional": true
    },
    "esbuild-freebsd-arm64": {
      "version": "0.14.11",
      "resolved": "https://registry.npmjs.org/esbuild-freebsd-arm64/-/esbuild-freebsd-arm64-0.14.11.tgz",
      "integrity": "sha512-y3Llu4wbs0bk4cwjsdAtVOesXb6JkdfZDLKMt+v1U3tOEPBdSu6w8796VTksJgPfqvpX22JmPLClls0h5p+L9w==",
      "dev": true,
      "optional": true
    },
    "esbuild-linux-32": {
      "version": "0.14.11",
      "resolved": "https://registry.npmjs.org/esbuild-linux-32/-/esbuild-linux-32-0.14.11.tgz",
      "integrity": "sha512-Cg3nVsxArjyLke9EuwictFF3Sva+UlDTwHIuIyx8qpxRYAOUTmxr2LzYrhHyTcGOleLGXUXYsnUVwKqnKAgkcg==",
      "dev": true,
      "optional": true
    },
    "esbuild-linux-64": {
      "version": "0.14.11",
      "resolved": "https://registry.npmjs.org/esbuild-linux-64/-/esbuild-linux-64-0.14.11.tgz",
      "integrity": "sha512-oeR6dIrrojr8DKVrxtH3xl4eencmjsgI6kPkDCRIIFwv4p+K7ySviM85K66BN01oLjzthpUMvBVfWSJkBLeRbg==",
      "dev": true,
      "optional": true
    },
    "esbuild-linux-arm": {
      "version": "0.14.11",
      "resolved": "https://registry.npmjs.org/esbuild-linux-arm/-/esbuild-linux-arm-0.14.11.tgz",
      "integrity": "sha512-vcwskfD9g0tojux/ZaTJptJQU3a7YgTYsptK1y6LQ/rJmw7U5QJvboNawqM98Ca3ToYEucfCRGbl66OTNtp6KQ==",
      "dev": true,
      "optional": true
    },
    "esbuild-linux-arm64": {
      "version": "0.14.11",
      "resolved": "https://registry.npmjs.org/esbuild-linux-arm64/-/esbuild-linux-arm64-0.14.11.tgz",
      "integrity": "sha512-+e6ZCgTFQYZlmg2OqLkg1jHLYtkNDksxWDBWNtI4XG4WxuOCUErLqfEt9qWjvzK3XBcCzHImrajkUjO+rRkbMg==",
      "dev": true,
      "optional": true
    },
    "esbuild-linux-mips64le": {
      "version": "0.14.11",
      "resolved": "https://registry.npmjs.org/esbuild-linux-mips64le/-/esbuild-linux-mips64le-0.14.11.tgz",
      "integrity": "sha512-Rrs99L+p54vepmXIb87xTG6ukrQv+CzrM8eoeR+r/OFL2Rg8RlyEtCeshXJ2+Q66MXZOgPJaokXJZb9snq28bw==",
      "dev": true,
      "optional": true
    },
    "esbuild-linux-ppc64le": {
      "version": "0.14.11",
      "resolved": "https://registry.npmjs.org/esbuild-linux-ppc64le/-/esbuild-linux-ppc64le-0.14.11.tgz",
      "integrity": "sha512-JyzziGAI0D30Vyzt0HDihp4s1IUtJ3ssV2zx9O/c+U/dhUHVP2TmlYjzCfCr2Q6mwXTeloDcLS4qkyvJtYptdQ==",
      "dev": true,
      "optional": true
    },
    "esbuild-linux-s390x": {
      "version": "0.14.11",
      "resolved": "https://registry.npmjs.org/esbuild-linux-s390x/-/esbuild-linux-s390x-0.14.11.tgz",
      "integrity": "sha512-DoThrkzunZ1nfRGoDN6REwmo8ZZWHd2ztniPVIR5RMw/Il9wiWEYBahb8jnMzQaSOxBsGp0PbyJeVLTUatnlcw==",
      "dev": true,
      "optional": true
    },
    "esbuild-netbsd-64": {
      "version": "0.14.11",
      "resolved": "https://registry.npmjs.org/esbuild-netbsd-64/-/esbuild-netbsd-64-0.14.11.tgz",
      "integrity": "sha512-12luoRQz+6eihKYh1zjrw0CBa2aw3twIiHV/FAfjh2NEBDgJQOY4WCEUEN+Rgon7xmLh4XUxCQjnwrvf8zhACw==",
      "dev": true,
      "optional": true
    },
    "esbuild-openbsd-64": {
      "version": "0.14.11",
      "resolved": "https://registry.npmjs.org/esbuild-openbsd-64/-/esbuild-openbsd-64-0.14.11.tgz",
      "integrity": "sha512-l18TZDjmvwW6cDeR4fmizNoxndyDHamGOOAenwI4SOJbzlJmwfr0jUgjbaXCUuYVOA964siw+Ix+A+bhALWg8Q==",
      "dev": true,
      "optional": true
    },
    "esbuild-sunos-64": {
      "version": "0.14.11",
      "resolved": "https://registry.npmjs.org/esbuild-sunos-64/-/esbuild-sunos-64-0.14.11.tgz",
      "integrity": "sha512-bmYzDtwASBB8c+0/HVOAiE9diR7+8zLm/i3kEojUH2z0aIs6x/S4KiTuT5/0VKJ4zk69kXel1cNWlHBMkmavQg==",
      "dev": true,
      "optional": true
    },
    "esbuild-windows-32": {
      "version": "0.14.11",
      "resolved": "https://registry.npmjs.org/esbuild-windows-32/-/esbuild-windows-32-0.14.11.tgz",
      "integrity": "sha512-J1Ys5hMid8QgdY00OBvIolXgCQn1ARhYtxPnG6ESWNTty3ashtc4+As5nTrsErnv8ZGUcWZe4WzTP/DmEVX1UQ==",
      "dev": true,
      "optional": true
    },
    "esbuild-windows-64": {
      "version": "0.14.11",
      "resolved": "https://registry.npmjs.org/esbuild-windows-64/-/esbuild-windows-64-0.14.11.tgz",
      "integrity": "sha512-h9FmMskMuGeN/9G9+LlHPAoiQk9jlKDUn9yA0MpiGzwLa82E7r1b1u+h2a+InprbSnSLxDq/7p5YGtYVO85Mlg==",
      "dev": true,
      "optional": true
    },
    "esbuild-windows-arm64": {
      "version": "0.14.11",
      "resolved": "https://registry.npmjs.org/esbuild-windows-arm64/-/esbuild-windows-arm64-0.14.11.tgz",
      "integrity": "sha512-dZp7Krv13KpwKklt9/1vBFBMqxEQIO6ri7Azf8C+ob4zOegpJmha2XY9VVWP/OyQ0OWk6cEeIzMJwInRZrzBUQ==",
      "dev": true,
      "optional": true
    },
    "escape-string-regexp": {
      "version": "1.0.5",
      "dev": true
    },
    "event-stream": {
      "version": "3.3.4",
      "dev": true,
      "requires": {
        "duplexer": "~0.1.1",
        "from": "~0",
        "map-stream": "~0.1.0",
        "pause-stream": "0.0.11",
        "split": "0.3",
        "stream-combiner": "~0.0.4",
        "through": "~2.3.1"
      }
    },
    "foreach": {
      "version": "2.0.5",
      "dev": true
    },
    "from": {
      "version": "0.1.7",
      "dev": true
    },
    "fs.realpath": {
      "version": "1.0.0",
      "dev": true
    },
    "function-bind": {
      "version": "1.1.1",
      "dev": true
    },
    "get-func-name": {
      "version": "2.0.0",
      "dev": true
    },
    "graceful-fs": {
      "version": "4.1.11",
      "dev": true
    },
    "graceful-readlink": {
      "version": "1.0.1",
      "dev": true
    },
    "growl": {
      "version": "1.9.2",
      "dev": true
    },
    "has": {
      "version": "1.0.1",
      "dev": true,
      "requires": {
        "function-bind": "^1.0.2"
      }
    },
    "has-flag": {
      "version": "1.0.0",
      "dev": true
    },
    "hosted-git-info": {
      "version": "2.5.0",
      "dev": true
    },
    "inflight": {
      "version": "1.0.6",
      "dev": true,
      "requires": {
        "once": "^1.3.0",
        "wrappy": "1"
      }
    },
    "inherits": {
      "version": "2.0.3",
      "dev": true
    },
    "is-arrayish": {
      "version": "0.2.1",
      "dev": true
    },
    "is-builtin-module": {
      "version": "1.0.0",
      "dev": true,
      "requires": {
        "builtin-modules": "^1.0.0"
      }
    },
    "is-callable": {
      "version": "1.1.3",
      "dev": true
    },
    "is-date-object": {
      "version": "1.0.1",
      "dev": true
    },
    "is-regex": {
      "version": "1.0.4",
      "dev": true,
      "requires": {
        "has": "^1.0.1"
      }
    },
    "is-symbol": {
      "version": "1.0.1",
      "dev": true
    },
    "isexe": {
      "version": "2.0.0",
      "dev": true
    },
    "json3": {
      "version": "3.3.2",
      "dev": true
    },
    "jsonify": {
      "version": "0.0.0",
      "dev": true
    },
    "load-json-file": {
      "version": "2.0.0",
      "dev": true,
      "requires": {
        "graceful-fs": "^4.1.2",
        "parse-json": "^2.2.0",
        "pify": "^2.0.0",
        "strip-bom": "^3.0.0"
      }
    },
    "lodash._baseassign": {
      "version": "3.2.0",
      "dev": true,
      "requires": {
        "lodash._basecopy": "^3.0.0",
        "lodash.keys": "^3.0.0"
      }
    },
    "lodash._basecopy": {
      "version": "3.0.1",
      "dev": true
    },
    "lodash._basecreate": {
      "version": "3.0.3",
      "dev": true
    },
    "lodash._getnative": {
      "version": "3.9.1",
      "dev": true
    },
    "lodash._isiterateecall": {
      "version": "3.0.9",
      "dev": true
    },
    "lodash.create": {
      "version": "3.1.1",
      "dev": true,
      "requires": {
        "lodash._baseassign": "^3.0.0",
        "lodash._basecreate": "^3.0.0",
        "lodash._isiterateecall": "^3.0.0"
      }
    },
    "lodash.isarguments": {
      "version": "3.1.0",
      "dev": true
    },
    "lodash.isarray": {
      "version": "3.0.4",
      "dev": true
    },
    "lodash.keys": {
      "version": "3.1.2",
      "dev": true,
      "requires": {
        "lodash._getnative": "^3.0.0",
        "lodash.isarguments": "^3.0.0",
        "lodash.isarray": "^3.0.0"
      }
    },
    "lru-cache": {
      "version": "4.1.1",
      "dev": true,
      "requires": {
        "pseudomap": "^1.0.2",
        "yallist": "^2.1.2"
      }
    },
    "map-stream": {
      "version": "0.1.0",
      "dev": true
    },
    "memory-streams": {
      "version": "0.1.2",
      "dev": true,
      "requires": {
        "readable-stream": "~1.0.2"
      },
      "dependencies": {
        "isarray": {
          "version": "0.0.1",
          "dev": true
        },
        "readable-stream": {
          "version": "1.0.34",
          "dev": true,
          "requires": {
            "core-util-is": "~1.0.0",
            "inherits": "~2.0.1",
            "isarray": "0.0.1",
            "string_decoder": "~0.10.x"
          }
        },
        "string_decoder": {
          "version": "0.10.31",
          "dev": true
        }
      }
    },
    "minimatch": {
      "version": "3.0.4",
      "dev": true,
      "requires": {
        "brace-expansion": "^1.1.7"
      }
    },
    "minimist": {
      "version": "0.0.8",
      "dev": true
    },
    "mkdirp": {
      "version": "0.5.1",
      "dev": true,
      "requires": {
        "minimist": "0.0.8"
      }
    },
    "mocha": {
      "version": "3.5.0",
      "dev": true,
      "requires": {
        "browser-stdout": "1.3.0",
        "commander": "2.9.0",
        "debug": "2.6.8",
        "diff": "3.2.0",
        "escape-string-regexp": "1.0.5",
        "glob": "7.1.1",
        "growl": "1.9.2",
        "json3": "3.3.2",
        "lodash.create": "3.1.1",
        "mkdirp": "0.5.1",
        "supports-color": "3.1.2"
      },
      "dependencies": {
        "commander": {
          "version": "2.9.0",
          "dev": true,
          "requires": {
            "graceful-readlink": ">= 1.0.0"
          }
        },
        "glob": {
          "version": "7.1.1",
          "dev": true,
          "requires": {
            "fs.realpath": "^1.0.0",
            "inflight": "^1.0.4",
            "inherits": "2",
            "minimatch": "^3.0.2",
            "once": "^1.3.0",
            "path-is-absolute": "^1.0.0"
          }
        },
        "supports-color": {
          "version": "3.1.2",
          "dev": true,
          "requires": {
            "has-flag": "^1.0.0"
          }
        }
      }
    },
    "ms": {
      "version": "2.0.0",
      "dev": true
    },
    "normalize-package-data": {
      "version": "2.4.0",
      "dev": true,
      "requires": {
        "hosted-git-info": "^2.1.4",
        "is-builtin-module": "^1.0.0",
        "semver": "2 || 3 || 4 || 5",
        "validate-npm-package-license": "^3.0.1"
      }
    },
    "npm-run-all": {
      "version": "4.1.1",
      "dev": true,
      "requires": {
        "ansi-styles": "^3.2.0",
        "chalk": "^2.1.0",
        "cross-spawn": "^5.1.0",
        "memory-streams": "^0.1.2",
        "minimatch": "^3.0.4",
        "ps-tree": "^1.1.0",
        "read-pkg": "^2.0.0",
        "shell-quote": "^1.6.1",
        "string.prototype.padend": "^3.0.0"
      },
      "dependencies": {
        "ansi-styles": {
          "version": "3.2.0",
          "dev": true,
          "requires": {
            "color-convert": "^1.9.0"
          }
        },
        "chalk": {
          "version": "2.1.0",
          "dev": true,
          "requires": {
            "ansi-styles": "^3.1.0",
            "escape-string-regexp": "^1.0.5",
            "supports-color": "^4.0.0"
          }
        },
        "has-flag": {
          "version": "2.0.0",
          "dev": true
        },
        "supports-color": {
          "version": "4.4.0",
          "dev": true,
          "requires": {
            "has-flag": "^2.0.0"
          }
        }
      }
    },
    "object-keys": {
      "version": "1.0.11",
      "dev": true
    },
    "once": {
      "version": "1.4.0",
      "dev": true,
      "requires": {
        "wrappy": "1"
      }
    },
    "parse-json": {
      "version": "2.2.0",
      "dev": true,
      "requires": {
        "error-ex": "^1.2.0"
      }
    },
    "path-is-absolute": {
      "version": "1.0.1",
      "dev": true
    },
    "path-type": {
      "version": "2.0.0",
      "dev": true,
      "requires": {
        "pify": "^2.0.0"
      }
    },
    "pathval": {
      "version": "1.1.0",
      "dev": true
    },
    "pause-stream": {
      "version": "0.0.11",
      "dev": true,
      "requires": {
        "through": "~2.3"
      }
    },
    "pify": {
      "version": "2.3.0",
      "dev": true
    },
    "prettier": {
      "version": "2.5.1",
      "resolved": "https://registry.npmjs.org/prettier/-/prettier-2.5.1.tgz",
      "integrity": "sha512-vBZcPRUR5MZJwoyi3ZoyQlc1rXeEck8KgeC9AwwOn+exuxLxq5toTRDTSaVrXHxelDMHy9zlicw8u66yxoSUFg==",
      "dev": true
    },
    "ps-tree": {
      "version": "1.1.0",
      "dev": true,
      "requires": {
        "event-stream": "~3.3.0"
      }
    },
    "pseudomap": {
      "version": "1.0.2",
      "dev": true
    },
    "read-pkg": {
      "version": "2.0.0",
      "dev": true,
      "requires": {
        "load-json-file": "^2.0.0",
        "normalize-package-data": "^2.3.2",
        "path-type": "^2.0.0"
      }
    },
    "semver": {
      "version": "5.7.1",
      "resolved": "https://registry.npmjs.org/semver/-/semver-5.7.1.tgz",
      "integrity": "sha512-sauaDf/PZdVgrLTNYHRtpXa1iRiKcaebiKQ1BJdpQlWH2lCvexQdX55snPFyK7QzpudqbCI0qXFfOasHdyNDGQ==",
      "dev": true
    },
    "shebang-command": {
      "version": "1.2.0",
      "dev": true,
      "requires": {
        "shebang-regex": "^1.0.0"
      }
    },
    "shebang-regex": {
      "version": "1.0.0",
      "dev": true
    },
    "shell-quote": {
      "version": "1.6.1",
      "dev": true,
      "requires": {
        "array-filter": "~0.0.0",
        "array-map": "~0.0.0",
        "array-reduce": "~0.0.0",
        "jsonify": "~0.0.0"
      }
    },
    "spdx-correct": {
      "version": "1.0.2",
      "dev": true,
      "requires": {
        "spdx-license-ids": "^1.0.2"
      }
    },
    "spdx-expression-parse": {
      "version": "1.0.4",
      "dev": true
    },
    "spdx-license-ids": {
      "version": "1.2.2",
      "dev": true
    },
    "split": {
      "version": "0.3.3",
      "dev": true,
      "requires": {
        "through": "2"
      }
    },
    "stream-combiner": {
      "version": "0.0.4",
      "dev": true,
      "requires": {
        "duplexer": "~0.1.1"
      }
    },
    "string.prototype.padend": {
      "version": "3.0.0",
      "dev": true,
      "requires": {
        "define-properties": "^1.1.2",
        "es-abstract": "^1.4.3",
        "function-bind": "^1.0.2"
      }
    },
    "strip-bom": {
      "version": "3.0.0",
      "dev": true
    },
    "through": {
      "version": "2.3.8",
      "dev": true
    },
    "validate-npm-package-license": {
      "version": "3.0.1",
      "dev": true,
      "requires": {
        "spdx-correct": "~1.0.0",
        "spdx-expression-parse": "~1.0.0"
      }
    },
    "which": {
      "version": "1.3.0",
      "dev": true,
      "requires": {
        "isexe": "^2.0.0"
      }
    },
    "wrappy": {
      "version": "1.0.2",
      "dev": true
    },
    "yallist": {
      "version": "2.1.2",
      "dev": true
    }
  }
}
